// !$*UTF8*$!
{
	archiveVersion = 1;
	classes = {
	};
	objectVersion = 46;
	objects = {

/* Begin PBXBuildFile section */
		3F66E1921C5D37F700939593 /* AppDelegate.swift in Sources */ = {isa = PBXBuildFile; fileRef = 3F66E1911C5D37F700939593 /* AppDelegate.swift */; };
		3F66E1941C5D37F700939593 /* ViewController.swift in Sources */ = {isa = PBXBuildFile; fileRef = 3F66E1931C5D37F700939593 /* ViewController.swift */; };
		3F66E1971C5D37F700939593 /* Main.storyboard in Resources */ = {isa = PBXBuildFile; fileRef = 3F66E1951C5D37F700939593 /* Main.storyboard */; };
		3F66E19A1C5D37F700939593 /* VirtualTourist.xcdatamodeld in Sources */ = {isa = PBXBuildFile; fileRef = 3F66E1981C5D37F700939593 /* VirtualTourist.xcdatamodeld */; };
		3F66E19C1C5D37F700939593 /* Assets.xcassets in Resources */ = {isa = PBXBuildFile; fileRef = 3F66E19B1C5D37F700939593 /* Assets.xcassets */; };
		3F66E19F1C5D37F700939593 /* LaunchScreen.storyboard in Resources */ = {isa = PBXBuildFile; fileRef = 3F66E19D1C5D37F700939593 /* LaunchScreen.storyboard */; };
		3F66E1A71C5D3B2600939593 /* ImageViewController.swift in Sources */ = {isa = PBXBuildFile; fileRef = 3F66E1A61C5D3B2600939593 /* ImageViewController.swift */; };
		3F75A7B61C5FF91800DE4571 /* Location+CoreDataProperties.swift in Sources */ = {isa = PBXBuildFile; fileRef = 3F75A7B21C5FF91800DE4571 /* Location+CoreDataProperties.swift */; };
		3F75A7B71C5FF91800DE4571 /* Location.swift in Sources */ = {isa = PBXBuildFile; fileRef = 3F75A7B31C5FF91800DE4571 /* Location.swift */; };
		3F75A7B81C5FF91800DE4571 /* Photo+CoreDataProperties.swift in Sources */ = {isa = PBXBuildFile; fileRef = 3F75A7B41C5FF91800DE4571 /* Photo+CoreDataProperties.swift */; };
		3F75A7B91C5FF91800DE4571 /* Photo.swift in Sources */ = {isa = PBXBuildFile; fileRef = 3F75A7B51C5FF91800DE4571 /* Photo.swift */; };
		3FF0DF8E1C61320A00366FD4 /* FlickrAPIHelper.swift in Sources */ = {isa = PBXBuildFile; fileRef = 3FF0DF8D1C61320A00366FD4 /* FlickrAPIHelper.swift */; };
		3FF0DF921C6267F500366FD4 /* ImageCollectionViewCell.swift in Sources */ = {isa = PBXBuildFile; fileRef = 3FF0DF911C6267F500366FD4 /* ImageCollectionViewCell.swift */; };
		3FF0DF941C6275FE00366FD4 /* ImageLoader.swift in Sources */ = {isa = PBXBuildFile; fileRef = 3FF0DF931C6275FE00366FD4 /* ImageLoader.swift */; };
		7CFFC0DAF78F74562A55083A /* Pods_VirtualTourist.framework in Frameworks */ = {isa = PBXBuildFile; fileRef = 33C143B7253E09E93A410E80 /* Pods_VirtualTourist.framework */; };
/* End PBXBuildFile section */

/* Begin PBXFileReference section */
		33C143B7253E09E93A410E80 /* Pods_VirtualTourist.framework */ = {isa = PBXFileReference; explicitFileType = wrapper.framework; includeInIndex = 0; path = Pods_VirtualTourist.framework; sourceTree = BUILT_PRODUCTS_DIR; };
		3F66E18E1C5D37F700939593 /* VirtualTourist.app */ = {isa = PBXFileReference; explicitFileType = wrapper.application; includeInIndex = 0; path = VirtualTourist.app; sourceTree = BUILT_PRODUCTS_DIR; };
		3F66E1911C5D37F700939593 /* AppDelegate.swift */ = {isa = PBXFileReference; lastKnownFileType = sourcecode.swift; path = AppDelegate.swift; sourceTree = "<group>"; };
		3F66E1931C5D37F700939593 /* ViewController.swift */ = {isa = PBXFileReference; lastKnownFileType = sourcecode.swift; path = ViewController.swift; sourceTree = "<group>"; };
		3F66E1961C5D37F700939593 /* Base */ = {isa = PBXFileReference; lastKnownFileType = file.storyboard; name = Base; path = Base.lproj/Main.storyboard; sourceTree = "<group>"; };
		3F66E1991C5D37F700939593 /* VirtualTourist.xcdatamodel */ = {isa = PBXFileReference; lastKnownFileType = wrapper.xcdatamodel; path = VirtualTourist.xcdatamodel; sourceTree = "<group>"; };
		3F66E19B1C5D37F700939593 /* Assets.xcassets */ = {isa = PBXFileReference; lastKnownFileType = folder.assetcatalog; path = Assets.xcassets; sourceTree = "<group>"; };
		3F66E19E1C5D37F700939593 /* Base */ = {isa = PBXFileReference; lastKnownFileType = file.storyboard; name = Base; path = Base.lproj/LaunchScreen.storyboard; sourceTree = "<group>"; };
		3F66E1A01C5D37F700939593 /* Info.plist */ = {isa = PBXFileReference; lastKnownFileType = text.plist.xml; path = Info.plist; sourceTree = "<group>"; };
		3F66E1A61C5D3B2600939593 /* ImageViewController.swift */ = {isa = PBXFileReference; fileEncoding = 4; lastKnownFileType = sourcecode.swift; path = ImageViewController.swift; sourceTree = "<group>"; };
		3F75A7B21C5FF91800DE4571 /* Location+CoreDataProperties.swift */ = {isa = PBXFileReference; fileEncoding = 4; lastKnownFileType = sourcecode.swift; path = "Location+CoreDataProperties.swift"; sourceTree = "<group>"; };
		3F75A7B31C5FF91800DE4571 /* Location.swift */ = {isa = PBXFileReference; fileEncoding = 4; lastKnownFileType = sourcecode.swift; path = Location.swift; sourceTree = "<group>"; };
		3F75A7B41C5FF91800DE4571 /* Photo+CoreDataProperties.swift */ = {isa = PBXFileReference; fileEncoding = 4; lastKnownFileType = sourcecode.swift; path = "Photo+CoreDataProperties.swift"; sourceTree = "<group>"; };
		3F75A7B51C5FF91800DE4571 /* Photo.swift */ = {isa = PBXFileReference; fileEncoding = 4; lastKnownFileType = sourcecode.swift; path = Photo.swift; sourceTree = "<group>"; };
		3FF0DF8D1C61320A00366FD4 /* FlickrAPIHelper.swift */ = {isa = PBXFileReference; fileEncoding = 4; lastKnownFileType = sourcecode.swift; path = FlickrAPIHelper.swift; sourceTree = "<group>"; };
		3FF0DF911C6267F500366FD4 /* ImageCollectionViewCell.swift */ = {isa = PBXFileReference; fileEncoding = 4; lastKnownFileType = sourcecode.swift; path = ImageCollectionViewCell.swift; sourceTree = "<group>"; };
		3FF0DF931C6275FE00366FD4 /* ImageLoader.swift */ = {isa = PBXFileReference; fileEncoding = 4; lastKnownFileType = sourcecode.swift; path = ImageLoader.swift; sourceTree = "<group>"; };
		551C002D3A01265E7247F540 /* Pods-VirtualTourist.release.xcconfig */ = {isa = PBXFileReference; includeInIndex = 1; lastKnownFileType = text.xcconfig; name = "Pods-VirtualTourist.release.xcconfig"; path = "Pods/Target Support Files/Pods-VirtualTourist/Pods-VirtualTourist.release.xcconfig"; sourceTree = "<group>"; };
		F9BCDB296CF60CF61310304C /* Pods-VirtualTourist.debug.xcconfig */ = {isa = PBXFileReference; includeInIndex = 1; lastKnownFileType = text.xcconfig; name = "Pods-VirtualTourist.debug.xcconfig"; path = "Pods/Target Support Files/Pods-VirtualTourist/Pods-VirtualTourist.debug.xcconfig"; sourceTree = "<group>"; };
/* End PBXFileReference section */

/* Begin PBXFrameworksBuildPhase section */
		3F66E18B1C5D37F700939593 /* Frameworks */ = {
			isa = PBXFrameworksBuildPhase;
			buildActionMask = 2147483647;
			files = (
				7CFFC0DAF78F74562A55083A /* Pods_VirtualTourist.framework in Frameworks */,
			);
			runOnlyForDeploymentPostprocessing = 0;
		};
/* End PBXFrameworksBuildPhase section */

/* Begin PBXGroup section */
		3F66E1851C5D37F700939593 = {
			isa = PBXGroup;
			children = (
				3F66E1901C5D37F700939593 /* VirtualTourist */,
				3F66E18F1C5D37F700939593 /* Products */,
				5A3A479CCA8B581A9D54C656 /* Pods */,
				A18215F23297D7478C2F4465 /* Frameworks */,
			);
			sourceTree = "<group>";
		};
		3F66E18F1C5D37F700939593 /* Products */ = {
			isa = PBXGroup;
			children = (
				3F66E18E1C5D37F700939593 /* VirtualTourist.app */,
			);
			name = Products;
			sourceTree = "<group>";
		};
		3F66E1901C5D37F700939593 /* VirtualTourist */ = {
			isa = PBXGroup;
			children = (
				3FF0DF931C6275FE00366FD4 /* ImageLoader.swift */,
				3FF0DF8D1C61320A00366FD4 /* FlickrAPIHelper.swift */,
				3F75A7B21C5FF91800DE4571 /* Location+CoreDataProperties.swift */,
				3F75A7B31C5FF91800DE4571 /* Location.swift */,
				3F75A7B51C5FF91800DE4571 /* Photo.swift */,
				3F75A7B41C5FF91800DE4571 /* Photo+CoreDataProperties.swift */,
				3F66E1A61C5D3B2600939593 /* ImageViewController.swift */,
				3FF0DF911C6267F500366FD4 /* ImageCollectionViewCell.swift */,
				3F66E1911C5D37F700939593 /* AppDelegate.swift */,
				3F66E1931C5D37F700939593 /* ViewController.swift */,
				3F66E1951C5D37F700939593 /* Main.storyboard */,
				3F66E19B1C5D37F700939593 /* Assets.xcassets */,
				3F66E19D1C5D37F700939593 /* LaunchScreen.storyboard */,
				3F66E1A01C5D37F700939593 /* Info.plist */,
				3F66E1981C5D37F700939593 /* VirtualTourist.xcdatamodeld */,
			);
			path = VirtualTourist;
			sourceTree = "<group>";
		};
		5A3A479CCA8B581A9D54C656 /* Pods */ = {
			isa = PBXGroup;
			children = (
				F9BCDB296CF60CF61310304C /* Pods-VirtualTourist.debug.xcconfig */,
				551C002D3A01265E7247F540 /* Pods-VirtualTourist.release.xcconfig */,
			);
			name = Pods;
			sourceTree = "<group>";
		};
		A18215F23297D7478C2F4465 /* Frameworks */ = {
			isa = PBXGroup;
			children = (
				33C143B7253E09E93A410E80 /* Pods_VirtualTourist.framework */,
			);
			name = Frameworks;
			sourceTree = "<group>";
		};
/* End PBXGroup section */

/* Begin PBXNativeTarget section */
		3F66E18D1C5D37F700939593 /* VirtualTourist */ = {
			isa = PBXNativeTarget;
			buildConfigurationList = 3F66E1A31C5D37F700939593 /* Build configuration list for PBXNativeTarget "VirtualTourist" */;
			buildPhases = (
				EC008528967625E426EDCEE9 /* Check Pods Manifest.lock */,
				3F66E18A1C5D37F700939593 /* Sources */,
				3F66E18B1C5D37F700939593 /* Frameworks */,
				3F66E18C1C5D37F700939593 /* Resources */,
				FBC4435FC778607EE9386FD4 /* Embed Pods Frameworks */,
				22D9B900B1C1633BCC7D5E5A /* Copy Pods Resources */,
			);
			buildRules = (
			);
			dependencies = (
			);
			name = VirtualTourist;
			productName = VirtualTourist;
			productReference = 3F66E18E1C5D37F700939593 /* VirtualTourist.app */;
			productType = "com.apple.product-type.application";
		};
/* End PBXNativeTarget section */

/* Begin PBXProject section */
		3F66E1861C5D37F700939593 /* Project object */ = {
			isa = PBXProject;
			attributes = {
				LastSwiftUpdateCheck = 0720;
				LastUpgradeCheck = 0720;
				ORGANIZATIONNAME = "Ilia Tikhomirov";
				TargetAttributes = {
					3F66E18D1C5D37F700939593 = {
						CreatedOnToolsVersion = 7.2;
					};
				};
			};
			buildConfigurationList = 3F66E1891C5D37F700939593 /* Build configuration list for PBXProject "VirtualTourist" */;
			compatibilityVersion = "Xcode 3.2";
			developmentRegion = English;
			hasScannedForEncodings = 0;
			knownRegions = (
				en,
				Base,
			);
			mainGroup = 3F66E1851C5D37F700939593;
			productRefGroup = 3F66E18F1C5D37F700939593 /* Products */;
			projectDirPath = "";
			projectRoot = "";
			targets = (
				3F66E18D1C5D37F700939593 /* VirtualTourist */,
			);
		};
/* End PBXProject section */

/* Begin PBXResourcesBuildPhase section */
		3F66E18C1C5D37F700939593 /* Resources */ = {
			isa = PBXResourcesBuildPhase;
			buildActionMask = 2147483647;
			files = (
				3F66E19F1C5D37F700939593 /* LaunchScreen.storyboard in Resources */,
				3F66E19C1C5D37F700939593 /* Assets.xcassets in Resources */,
				3F66E1971C5D37F700939593 /* Main.storyboard in Resources */,
			);
			runOnlyForDeploymentPostprocessing = 0;
		};
/* End PBXResourcesBuildPhase section */

/* Begin PBXShellScriptBuildPhase section */
		22D9B900B1C1633BCC7D5E5A /* Copy Pods Resources */ = {
			isa = PBXShellScriptBuildPhase;
			buildActionMask = 2147483647;
			files = (
			);
			inputPaths = (
			);
			name = "Copy Pods Resources";
			outputPaths = (
			);
			runOnlyForDeploymentPostprocessing = 0;
			shellPath = /bin/sh;
			shellScript = "\"${SRCROOT}/Pods/Target Support Files/Pods-VirtualTourist/Pods-VirtualTourist-resources.sh\"\n";
			showEnvVarsInLog = 0;
		};
		EC008528967625E426EDCEE9 /* Check Pods Manifest.lock */ = {
			isa = PBXShellScriptBuildPhase;
			buildActionMask = 2147483647;
			files = (
			);
			inputPaths = (
			);
			name = "Check Pods Manifest.lock";
			outputPaths = (
			);
			runOnlyForDeploymentPostprocessing = 0;
			shellPath = /bin/sh;
			shellScript = "diff \"${PODS_ROOT}/../Podfile.lock\" \"${PODS_ROOT}/Manifest.lock\" > /dev/null\nif [[ $? != 0 ]] ; then\n    cat << EOM\nerror: The sandbox is not in sync with the Podfile.lock. Run 'pod install' or update your CocoaPods installation.\nEOM\n    exit 1\nfi\n";
			showEnvVarsInLog = 0;
		};
		FBC4435FC778607EE9386FD4 /* Embed Pods Frameworks */ = {
			isa = PBXShellScriptBuildPhase;
			buildActionMask = 2147483647;
			files = (
			);
			inputPaths = (
			);
			name = "Embed Pods Frameworks";
			outputPaths = (
			);
			runOnlyForDeploymentPostprocessing = 0;
			shellPath = /bin/sh;
			shellScript = "\"${SRCROOT}/Pods/Target Support Files/Pods-VirtualTourist/Pods-VirtualTourist-frameworks.sh\"\n";
			showEnvVarsInLog = 0;
		};
/* End PBXShellScriptBuildPhase section */

/* Begin PBXSourcesBuildPhase section */
		3F66E18A1C5D37F700939593 /* Sources */ = {
			isa = PBXSourcesBuildPhase;
			buildActionMask = 2147483647;
			files = (
				3FF0DF8E1C61320A00366FD4 /* FlickrAPIHelper.swift in Sources */,
				3F75A7B91C5FF91800DE4571 /* Photo.swift in Sources */,
				3F75A7B81C5FF91800DE4571 /* Photo+CoreDataProperties.swift in Sources */,
				3F66E1941C5D37F700939593 /* ViewController.swift in Sources */,
				3F66E1921C5D37F700939593 /* AppDelegate.swift in Sources */,
				3FF0DF941C6275FE00366FD4 /* ImageLoader.swift in Sources */,
				3F66E1A71C5D3B2600939593 /* ImageViewController.swift in Sources */,
				3FF0DF921C6267F500366FD4 /* ImageCollectionViewCell.swift in Sources */,
				3F66E19A1C5D37F700939593 /* VirtualTourist.xcdatamodeld in Sources */,
				3F75A7B71C5FF91800DE4571 /* Location.swift in Sources */,
				3F75A7B61C5FF91800DE4571 /* Location+CoreDataProperties.swift in Sources */,
			);
			runOnlyForDeploymentPostprocessing = 0;
		};
/* End PBXSourcesBuildPhase section */

/* Begin PBXVariantGroup section */
		3F66E1951C5D37F700939593 /* Main.storyboard */ = {
			isa = PBXVariantGroup;
			children = (
				3F66E1961C5D37F700939593 /* Base */,
			);
			name = Main.storyboard;
			sourceTree = "<group>";
		};
		3F66E19D1C5D37F700939593 /* LaunchScreen.storyboard */ = {
			isa = PBXVariantGroup;
			children = (
				3F66E19E1C5D37F700939593 /* Base */,
			);
			name = LaunchScreen.storyboard;
			sourceTree = "<group>";
		};
/* End PBXVariantGroup section */

/* Begin XCBuildConfiguration section */
		3F66E1A11C5D37F700939593 /* Debug */ = {
			isa = XCBuildConfiguration;
			buildSettings = {
				ALWAYS_SEARCH_USER_PATHS = NO;
				CLANG_CXX_LANGUAGE_STANDARD = "gnu++0x";
				CLANG_CXX_LIBRARY = "libc++";
				CLANG_ENABLE_MODULES = YES;
				CLANG_ENABLE_OBJC_ARC = YES;
				CLANG_WARN_BOOL_CONVERSION = YES;
				CLANG_WARN_CONSTANT_CONVERSION = YES;
				CLANG_WARN_DIRECT_OBJC_ISA_USAGE = YES_ERROR;
				CLANG_WARN_EMPTY_BODY = YES;
				CLANG_WARN_ENUM_CONVERSION = YES;
				CLANG_WARN_INT_CONVERSION = YES;
				CLANG_WARN_OBJC_ROOT_CLASS = YES_ERROR;
				CLANG_WARN_UNREACHABLE_CODE = YES;
				CLANG_WARN__DUPLICATE_METHOD_MATCH = YES;
				"CODE_SIGN_IDENTITY[sdk=iphoneos*]" = "iPhone Developer";
				COPY_PHASE_STRIP = NO;
				DEBUG_INFORMATION_FORMAT = dwarf;
				ENABLE_STRICT_OBJC_MSGSEND = YES;
				ENABLE_TESTABILITY = YES;
				GCC_C_LANGUAGE_STANDARD = gnu99;
				GCC_DYNAMIC_NO_PIC = NO;
				GCC_NO_COMMON_BLOCKS = YES;
				GCC_OPTIMIZATION_LEVEL = 0;
				GCC_PREPROCESSOR_DEFINITIONS = (
					"DEBUG=1",
					"$(inherited)",
				);
				GCC_WARN_64_TO_32_BIT_CONVERSION = YES;
				GCC_WARN_ABOUT_RETURN_TYPE = YES_ERROR;
				GCC_WARN_UNDECLARED_SELECTOR = YES;
				GCC_WARN_UNINITIALIZED_AUTOS = YES_AGGRESSIVE;
				GCC_WARN_UNUSED_FUNCTION = YES;
				GCC_WARN_UNUSED_VARIABLE = YES;
				IPHONEOS_DEPLOYMENT_TARGET = 9.2;
				MTL_ENABLE_DEBUG_INFO = YES;
				ONLY_ACTIVE_ARCH = YES;
				SDKROOT = iphoneos;
				SWIFT_OPTIMIZATION_LEVEL = "-Onone";
			};
			name = Debug;
		};
		3F66E1A21C5D37F700939593 /* Release */ = {
			isa = XCBuildConfiguration;
			buildSettings = {
				ALWAYS_SEARCH_USER_PATHS = NO;
				CLANG_CXX_LANGUAGE_STANDARD = "gnu++0x";
				CLANG_CXX_LIBRARY = "libc++";
				CLANG_ENABLE_MODULES = YES;
				CLANG_ENABLE_OBJC_ARC = YES;
				CLANG_WARN_BOOL_CONVERSION = YES;
				CLANG_WARN_CONSTANT_CONVERSION = YES;
				CLANG_WARN_DIRECT_OBJC_ISA_USAGE = YES_ERROR;
				CLANG_WARN_EMPTY_BODY = YES;
				CLANG_WARN_ENUM_CONVERSION = YES;
				CLANG_WARN_INT_CONVERSION = YES;
				CLANG_WARN_OBJC_ROOT_CLASS = YES_ERROR;
				CLANG_WARN_UNREACHABLE_CODE = YES;
				CLANG_WARN__DUPLICATE_METHOD_MATCH = YES;
				"CODE_SIGN_IDENTITY[sdk=iphoneos*]" = "iPhone Developer";
				COPY_PHASE_STRIP = NO;
				DEBUG_INFORMATION_FORMAT = "dwarf-with-dsym";
				ENABLE_NS_ASSERTIONS = NO;
				ENABLE_STRICT_OBJC_MSGSEND = YES;
				GCC_C_LANGUAGE_STANDARD = gnu99;
				GCC_NO_COMMON_BLOCKS = YES;
				GCC_WARN_64_TO_32_BIT_CONVERSION = YES;
				GCC_WARN_ABOUT_RETURN_TYPE = YES_ERROR;
				GCC_WARN_UNDECLARED_SELECTOR = YES;
				GCC_WARN_UNINITIALIZED_AUTOS = YES_AGGRESSIVE;
				GCC_WARN_UNUSED_FUNCTION = YES;
				GCC_WARN_UNUSED_VARIABLE = YES;
				IPHONEOS_DEPLOYMENT_TARGET = 9.2;
				MTL_ENABLE_DEBUG_INFO = NO;
				SDKROOT = iphoneos;
				VALIDATE_PRODUCT = YES;
			};
			name = Release;
		};
		3F66E1A41C5D37F700939593 /* Debug */ = {
			isa = XCBuildConfiguration;
			baseConfigurationReference = F9BCDB296CF60CF61310304C /* Pods-VirtualTourist.debug.xcconfig */;
			buildSettings = {
				ASSETCATALOG_COMPILER_APPICON_NAME = AppIcon;
				INFOPLIST_FILE = VirtualTourist/Info.plist;
				LD_RUNPATH_SEARCH_PATHS = "$(inherited) @executable_path/Frameworks";
				PRODUCT_BUNDLE_IDENTIFIER = com.thm.VirtualTourist;
				PRODUCT_NAME = "$(TARGET_NAME)";
			};
			name = Debug;
		};
		3F66E1A51C5D37F700939593 /* Release */ = {
			isa = XCBuildConfiguration;
			baseConfigurationReference = 551C002D3A01265E7247F540 /* Pods-VirtualTourist.release.xcconfig */;
			buildSettings = {
				ASSETCATALOG_COMPILER_APPICON_NAME = AppIcon;
				INFOPLIST_FILE = VirtualTourist/Info.plist;
				LD_RUNPATH_SEARCH_PATHS = "$(inherited) @executable_path/Frameworks";
				PRODUCT_BUNDLE_IDENTIFIER = com.thm.VirtualTourist;
				PRODUCT_NAME = "$(TARGET_NAME)";
			};
			name = Release;
		};
/* End XCBuildConfiguration section */

/* Begin XCConfigurationList section */
		3F66E1891C5D37F700939593 /* Build configuration list for PBXProject "VirtualTourist" */ = {
			isa = XCConfigurationList;
			buildConfigurations = (
				3F66E1A11C5D37F700939593 /* Debug */,
				3F66E1A21C5D37F700939593 /* Release */,
			);
			defaultConfigurationIsVisible = 0;
			defaultConfigurationName = Release;
		};
		3F66E1A31C5D37F700939593 /* Build configuration list for PBXNativeTarget "VirtualTourist" */ = {
			isa = XCConfigurationList;
			buildConfigurations = (
				3F66E1A41C5D37F700939593 /* Debug */,
				3F66E1A51C5D37F700939593 /* Release */,
			);
			defaultConfigurationIsVisible = 0;
			defaultConfigurationName = Release;
		};
/* End XCConfigurationList section */

/* Begin XCVersionGroup section */
		3F66E1981C5D37F700939593 /* VirtualTourist.xcdatamodeld */ = {
			isa = XCVersionGroup;
			children = (
				3F66E1991C5D37F700939593 /* VirtualTourist.xcdatamodel */,
			);
			currentVersion = 3F66E1991C5D37F700939593 /* VirtualTourist.xcdatamodel */;
			path = VirtualTourist.xcdatamodeld;
			sourceTree = "<group>";
			versionGroupType = wrapper.xcdatamodel;
		};
/* End XCVersionGroup section */
	};
	rootObject = 3F66E1861C5D37F700939593 /* Project object */;
}
